
Microsoft Visual Studio Solution File, Format Version 12.00
Project("{FAE04EC0-301F-11D3-BF4B-00C04F79EFBC}") = "VaccineManager.Domain", "libs\backend\VaccineManager.Domain\VaccineManager.Domain.csproj", "{8093CD91-A083-40B4-98B8-219F4F8479DC}"
EndProject
Project("{FAE04EC0-301F-11D3-BF4B-00C04F79EFBC}") = "VaccineManager.Api", "apps\VaccineManager.Api\VaccineManager.Api.csproj", "{29A3C8EC-A9E1-42FB-96DA-23129B35A696}"
EndProject
Project("{FAE04EC0-301F-11D3-BF4B-00C04F79EFBC}") = "VaccineManager.Infrastructure", "libs\backend\VaccineManager.Infrastructure\VaccineManager.Infrastructure.csproj", "{4BC445C5-DD88-4021-B9E7-3F0103545919}"
EndProject
Project("{FAE04EC0-301F-11D3-BF4B-00C04F79EFBC}") = "VaccineManager.Application", "libs\backend\VaccineManager.Application\VaccineManager.Application.csproj", "{D8FBFE58-DC65-4FC7-A275-C4FFD985F53A}"
EndProject
Project("{FAE04EC0-301F-11D3-BF4B-00C04F79EFBC}") = "VaccineManager.IOC", "libs\backend\VaccineManager.IOC\VaccineManager.IOC.csproj", "{55A8306C-0D62-4D8E-8542-526365D58375}"
EndProject
Global
	GlobalSection(SolutionConfigurationPlatforms) = preSolution
		Debug|Any CPU = Debug|Any CPU
		Release|Any CPU = Release|Any CPU
	EndGlobalSection
	GlobalSection(ProjectConfigurationPlatforms) = postSolution
		{8093CD91-A083-40B4-98B8-219F4F8479DC}.Debug|Any CPU.ActiveCfg = Debug|Any CPU
		{8093CD91-A083-40B4-98B8-219F4F8479DC}.Debug|Any CPU.Build.0 = Debug|Any CPU
		{8093CD91-A083-40B4-98B8-219F4F8479DC}.Release|Any CPU.ActiveCfg = Release|Any CPU
		{8093CD91-A083-40B4-98B8-219F4F8479DC}.Release|Any CPU.Build.0 = Release|Any CPU
		{29A3C8EC-A9E1-42FB-96DA-23129B35A696}.Debug|Any CPU.ActiveCfg = Debug|Any CPU
		{29A3C8EC-A9E1-42FB-96DA-23129B35A696}.Debug|Any CPU.Build.0 = Debug|Any CPU
		{29A3C8EC-A9E1-42FB-96DA-23129B35A696}.Release|Any CPU.ActiveCfg = Release|Any CPU
		{29A3C8EC-A9E1-42FB-96DA-23129B35A696}.Release|Any CPU.Build.0 = Release|Any CPU
		{4BC445C5-DD88-4021-B9E7-3F0103545919}.Debug|Any CPU.ActiveCfg = Debug|Any CPU
		{4BC445C5-DD88-4021-B9E7-3F0103545919}.Debug|Any CPU.Build.0 = Debug|Any CPU
		{4BC445C5-DD88-4021-B9E7-3F0103545919}.Release|Any CPU.ActiveCfg = Release|Any CPU
		{4BC445C5-DD88-4021-B9E7-3F0103545919}.Release|Any CPU.Build.0 = Release|Any CPU
		{D8FBFE58-DC65-4FC7-A275-C4FFD985F53A}.Debug|Any CPU.ActiveCfg = Debug|Any CPU
		{D8FBFE58-DC65-4FC7-A275-C4FFD985F53A}.Debug|Any CPU.Build.0 = Debug|Any CPU
		{D8FBFE58-DC65-4FC7-A275-C4FFD985F53A}.Release|Any CPU.ActiveCfg = Release|Any CPU
		{D8FBFE58-DC65-4FC7-A275-C4FFD985F53A}.Release|Any CPU.Build.0 = Release|Any CPU
		{55A8306C-0D62-4D8E-8542-526365D58375}.Debug|Any CPU.ActiveCfg = Debug|Any CPU
		{55A8306C-0D62-4D8E-8542-526365D58375}.Debug|Any CPU.Build.0 = Debug|Any CPU
		{55A8306C-0D62-4D8E-8542-526365D58375}.Release|Any CPU.ActiveCfg = Release|Any CPU
		{55A8306C-0D62-4D8E-8542-526365D58375}.Release|Any CPU.Build.0 = Release|Any CPU
	EndGlobalSection
EndGlobal
